
Microsoft Visual Studio Solution File, Format Version 12.00
# Visual Studio Version 17
VisualStudioVersion = 17.4.33205.214
MinimumVisualStudioVersion = 10.0.40219.1
Project("{9A19103F-16F7-4668-BE54-9A1E7A4F7556}") = "AIS", "AIS\AIS.csproj", "{1F7869F7-A0D7-49D4-8874-92EA6A2116DA}"
EndProject
Project("{9A19103F-16F7-4668-BE54-9A1E7A4F7556}") = "Core", "Core\Core.csproj", "{68A9E907-020E-4F1A-92C5-1E7C1F59C38C}"
EndProject
Global
	GlobalSection(SolutionConfigurationPlatforms) = preSolution
		Debug|Any CPU = Debug|Any CPU
		Release|Any CPU = Release|Any CPU
	EndGlobalSection
	GlobalSection(ProjectConfigurationPlatforms) = postSolution
		{1F7869F7-A0D7-49D4-8874-92EA6A2116DA}.Debug|Any CPU.ActiveCfg = Debug|Any CPU
		{1F7869F7-A0D7-49D4-8874-92EA6A2116DA}.Debug|Any CPU.Build.0 = Debug|Any CPU
		{1F7869F7-A0D7-49D4-8874-92EA6A2116DA}.Release|Any CPU.ActiveCfg = Release|Any CPU
		{1F7869F7-A0D7-49D4-8874-92EA6A2116DA}.Release|Any CPU.Build.0 = Release|Any CPU
		{68A9E907-020E-4F1A-92C5-1E7C1F59C38C}.Debug|Any CPU.ActiveCfg = Debug|Any CPU
		{68A9E907-020E-4F1A-92C5-1E7C1F59C38C}.Debug|Any CPU.Build.0 = Debug|Any CPU
		{68A9E907-020E-4F1A-92C5-1E7C1F59C38C}.Release|Any CPU.ActiveCfg = Release|Any CPU
		{68A9E907-020E-4F1A-92C5-1E7C1F59C38C}.Release|Any CPU.Build.0 = Release|Any CPU
	EndGlobalSection
	GlobalSection(SolutionProperties) = preSolution
		HideSolutionNode = FALSE
	EndGlobalSection
	GlobalSection(ExtensibilityGlobals) = postSolution
		SolutionGuid = {D52F97AD-3527-435A-9A6B-F78D7B818603}
	EndGlobalSection
EndGlobal
